
Microsoft Visual Studio Solution File, Format Version 12.00
# Visual Studio Version 16
VisualStudioVersion = 16.0.808.6
MinimumVisualStudioVersion = 10.0.40219.1
Project("{FAE04EC0-301F-11D3-BF4B-00C04F79EFBC}") = "Tennis", "Tennis\Tennis.csproj", "{C5604E21-13BC-4428-9799-42433569041F}"
EndProject
Global
	GlobalSection(SolutionConfigurationPlatforms) = preSolution
		Debug|Any CPU = Debug|Any CPU
		Release|Any CPU = Release|Any CPU
	EndGlobalSection
	GlobalSection(ProjectConfigurationPlatforms) = postSolution
		{C5604E21-13BC-4428-9799-42433569041F}.Debug|Any CPU.ActiveCfg = Debug|Any CPU
		{C5604E21-13BC-4428-9799-42433569041F}.Debug|Any CPU.Build.0 = Debug|Any CPU
		{C5604E21-13BC-4428-9799-42433569041F}.Release|Any CPU.ActiveCfg = Release|Any CPU
		{C5604E21-13BC-4428-9799-42433569041F}.Release|Any CPU.Build.0 = Release|Any CPU
	EndGlobalSection
	GlobalSection(SolutionProperties) = preSolution
		HideSolutionNode = FALSE
	EndGlobalSection
	GlobalSection(ExtensibilityGlobals) = postSolution
		SolutionGuid = {E47A6956-8C94-4299-9E41-FE184F3D02AC}
	EndGlobalSection
EndGlobal
